
Microsoft Visual Studio Solution File, Format Version 12.00
# Visual Studio 15
VisualStudioVersion = 15.0.27703.2047
MinimumVisualStudioVersion = 10.0.40219.1
Project("{8BC9CEB8-8B4A-11D0-8D11-00A0C91BC942}") = "TopCoder", "TopCoder\TopCoder.vcxproj", "{74566B53-5108-484B-8B3A-C52766CC738C}"
EndProject
Global
	GlobalSection(SolutionConfigurationPlatforms) = preSolution
		Debug|x64 = Debug|x64
		Debug|x86 = Debug|x86
		Release|x64 = Release|x64
		Release|x86 = Release|x86
	EndGlobalSection
	GlobalSection(ProjectConfigurationPlatforms) = postSolution
		{74566B53-5108-484B-8B3A-C52766CC738C}.Debug|x64.ActiveCfg = Debug|x64
		{74566B53-5108-484B-8B3A-C52766CC738C}.Debug|x64.Build.0 = Debug|x64
		{74566B53-5108-484B-8B3A-C52766CC738C}.Debug|x86.ActiveCfg = Debug|Win32
		{74566B53-5108-484B-8B3A-C52766CC738C}.Debug|x86.Build.0 = Debug|Win32
		{74566B53-5108-484B-8B3A-C52766CC738C}.Release|x64.ActiveCfg = Release|x64
		{74566B53-5108-484B-8B3A-C52766CC738C}.Release|x64.Build.0 = Release|x64
		{74566B53-5108-484B-8B3A-C52766CC738C}.Release|x86.ActiveCfg = Release|Win32
		{74566B53-5108-484B-8B3A-C52766CC738C}.Release|x86.Build.0 = Release|Win32
	EndGlobalSection
	GlobalSection(SolutionProperties) = preSolution
		HideSolutionNode = FALSE
	EndGlobalSection
	GlobalSection(ExtensibilityGlobals) = postSolution
		SolutionGuid = {3B2684EB-63D1-4A71-9764-0959BAA56C82}
	EndGlobalSection
EndGlobal
